
Microsoft Visual Studio Solution File, Format Version 12.00
# Visual Studio 2012
Project("{FAE04EC0-301F-11D3-BF4B-00C04F79EFBC}") = "Yes.Web", "YES.Web\Yes.Web.csproj", "{73722F05-1570-4D4F-BF01-A5B036A46088}"
	ProjectSection(ProjectDependencies) = postProject
		{487B1332-1E79-4A91-B6F9-C2D8B793DA68} = {487B1332-1E79-4A91-B6F9-C2D8B793DA68}
		{05093CC9-29E1-4845-973F-9FBF1D76B522} = {05093CC9-29E1-4845-973F-9FBF1D76B522}
	EndProjectSection
EndProject
Project("{FAE04EC0-301F-11D3-BF4B-00C04F79EFBC}") = "Yes.Models", "Yes.Models\Yes.Models.csproj", "{05093CC9-29E1-4845-973F-9FBF1D76B522}"
EndProject
Project("{FAE04EC0-301F-11D3-BF4B-00C04F79EFBC}") = "Yes.Service", "Yes.Service\Yes.Service.csproj", "{487B1332-1E79-4A91-B6F9-C2D8B793DA68}"
	ProjectSection(ProjectDependencies) = postProject
		{0D6123A2-7269-465D-AE3E-42FBF28AA9E9} = {0D6123A2-7269-465D-AE3E-42FBF28AA9E9}
		{05093CC9-29E1-4845-973F-9FBF1D76B522} = {05093CC9-29E1-4845-973F-9FBF1D76B522}
	EndProjectSection
EndProject
Project("{FAE04EC0-301F-11D3-BF4B-00C04F79EFBC}") = "Yes.DataAdapter", "Yes.DataAdaptder\Yes.DataAdapter.csproj", "{0D6123A2-7269-465D-AE3E-42FBF28AA9E9}"
EndProject
Project("{FAE04EC0-301F-11D3-BF4B-00C04F79EFBC}") = "Yes.EntityFramework", "Yes.EntityFramework\Yes.EntityFramework.csproj", "{05ADC4E3-FF02-4BAE-957B-9C6B8D58C594}"
EndProject
Global
	GlobalSection(SolutionConfigurationPlatforms) = preSolution
		Debug|Any CPU = Debug|Any CPU
		Release|Any CPU = Release|Any CPU
	EndGlobalSection
	GlobalSection(ProjectConfigurationPlatforms) = postSolution
		{73722F05-1570-4D4F-BF01-A5B036A46088}.Debug|Any CPU.ActiveCfg = Debug|Any CPU
		{73722F05-1570-4D4F-BF01-A5B036A46088}.Debug|Any CPU.Build.0 = Debug|Any CPU
		{73722F05-1570-4D4F-BF01-A5B036A46088}.Release|Any CPU.ActiveCfg = Release|Any CPU
		{73722F05-1570-4D4F-BF01-A5B036A46088}.Release|Any CPU.Build.0 = Release|Any CPU
		{05093CC9-29E1-4845-973F-9FBF1D76B522}.Debug|Any CPU.ActiveCfg = Debug|Any CPU
		{05093CC9-29E1-4845-973F-9FBF1D76B522}.Debug|Any CPU.Build.0 = Debug|Any CPU
		{05093CC9-29E1-4845-973F-9FBF1D76B522}.Release|Any CPU.ActiveCfg = Release|Any CPU
		{05093CC9-29E1-4845-973F-9FBF1D76B522}.Release|Any CPU.Build.0 = Release|Any CPU
		{487B1332-1E79-4A91-B6F9-C2D8B793DA68}.Debug|Any CPU.ActiveCfg = Debug|Any CPU
		{487B1332-1E79-4A91-B6F9-C2D8B793DA68}.Debug|Any CPU.Build.0 = Debug|Any CPU
		{487B1332-1E79-4A91-B6F9-C2D8B793DA68}.Release|Any CPU.ActiveCfg = Release|Any CPU
		{487B1332-1E79-4A91-B6F9-C2D8B793DA68}.Release|Any CPU.Build.0 = Release|Any CPU
		{0D6123A2-7269-465D-AE3E-42FBF28AA9E9}.Debug|Any CPU.ActiveCfg = Debug|Any CPU
		{0D6123A2-7269-465D-AE3E-42FBF28AA9E9}.Debug|Any CPU.Build.0 = Debug|Any CPU
		{0D6123A2-7269-465D-AE3E-42FBF28AA9E9}.Release|Any CPU.ActiveCfg = Release|Any CPU
		{0D6123A2-7269-465D-AE3E-42FBF28AA9E9}.Release|Any CPU.Build.0 = Release|Any CPU
		{05ADC4E3-FF02-4BAE-957B-9C6B8D58C594}.Debug|Any CPU.ActiveCfg = Debug|Any CPU
		{05ADC4E3-FF02-4BAE-957B-9C6B8D58C594}.Debug|Any CPU.Build.0 = Debug|Any CPU
		{05ADC4E3-FF02-4BAE-957B-9C6B8D58C594}.Release|Any CPU.ActiveCfg = Release|Any CPU
		{05ADC4E3-FF02-4BAE-957B-9C6B8D58C594}.Release|Any CPU.Build.0 = Release|Any CPU
	EndGlobalSection
	GlobalSection(SolutionProperties) = preSolution
		HideSolutionNode = FALSE
	EndGlobalSection
EndGlobal
